PODS:
  - ACPAnalytics (2.4.0):
    - ACPAnalytics/main (= 2.4.0)
    - ACPCore (>= 2.5.0)
  - ACPAnalytics/main (2.4.0):
    - ACPCore (>= 2.5.0)
  - ACPCore (2.9.0):
    - ACPCore/main (= 2.9.0)
  - ACPCore/main (2.9.0)
  - ACPGriffon (1.2.1):
    - ACPCore
    - ACPGriffon/iOS (= 1.2.1)
  - ACPGriffon/iOS (1.2.1):
    - ACPCore
  - ACPUserProfile (2.1.0):
    - ACPCore (~> 2.0)
    - ACPUserProfile/iOS (= 2.1.0)
  - ACPUserProfile/iOS (2.1.0):
    - ACPCore (~> 2.0)
  - AdobeBranchExtension (1.3.0):
    - ACPCore (~> 2.7)
    - Branch (~> 0.35)
  - Branch (0.36.0)

DEPENDENCIES:
  - ACPAnalytics (~> 2.0)
  - ACPGriffon
  - ACPUserProfile (~> 2.0)
  - AdobeBranchExtension

SPEC REPOS:
  trunk:
    - ACPAnalytics
    - ACPCore
    - ACPGriffon
    - ACPUserProfile
    - AdobeBranchExtension
    - Branch

SPEC CHECKSUMS:
  ACPAnalytics: 52e8f48bf9a2a2e0717d11adda2f1833657d95fd
  ACPCore: e73b529b015de094d176285efbf2cca3bdbf532b
  ACPGriffon: 5b46aa44e9667b1ff5d35aa37a84992b58d2aadf
  ACPUserProfile: 934b0d8136dc8b4c71e95c347ae733c4482d5b9d
  AdobeBranchExtension: 42e80e28f84e29b9d34a0ffb254a79b9f749736e
  Branch: 8aebcb7a6465f19f9f4d315acced369ae078d3f2

PODFILE CHECKSUM: f71917ac10b227f88d23ac28cb773b01190c36c9

COCOAPODS: 1.10.0
