PODS:
  - ACPAnalytics (2.3.0):
    - ACPAnalytics/main (= 2.3.0)
    - ACPCore (>= 2.5.0)
  - ACPAnalytics/main (2.3.0):
    - ACPCore (>= 2.5.0)
  - ACPCore (2.7.3):
    - ACPCore/main (= 2.7.3)
  - ACPCore/main (2.7.3)
  - ACPUserProfile (2.1.0):
    - ACPCore (~> 2.0)
    - ACPUserProfile/iOS (= 2.1.0)
  - ACPUserProfile/iOS (2.1.0):
    - ACPCore (~> 2.0)
  - AdobeBranchExtension (1.3.0):
    - ACPCore (~> 2.7)
    - Branch (~> 0.35)
  - Branch (0.35.0)

DEPENDENCIES:
  - ACPAnalytics (~> 2.0)
  - ACPUserProfile (~> 2.0)
  - AdobeBranchExtension

SPEC REPOS:
  trunk:
    - ACPAnalytics
    - ACPCore
    - ACPUserProfile
    - AdobeBranchExtension
    - Branch

SPEC CHECKSUMS:
  ACPAnalytics: 10b531c3c45f665748cf81a9e18f20266097605b
  ACPCore: 775f513687127325d980dba5721b08ea3d5ea79a
  ACPUserProfile: 934b0d8136dc8b4c71e95c347ae733c4482d5b9d
  AdobeBranchExtension: 42e80e28f84e29b9d34a0ffb254a79b9f749736e
  Branch: 9a37f707974a128c37829033c49018b79c7e7a2d

PODFILE CHECKSUM: 4ba755caf10dada4972f4427d311b23ba7de7388

COCOAPODS: 1.9.1
